// !$*UTF8*$!
{
	archiveVersion = 1;
	classes = {
	};
	objectVersion = 50;
	objects = {

/* Begin PBXBuildFile section */
		4E158FD9247F106A00FC3070 /* DependenciesUITests.swift in Sources */ = {isa = PBXBuildFile; fileRef = 4E158FD8247F106A00FC3070 /* DependenciesUITests.swift */; };
		4E2C9138247D8E2C0004B352 /* PromiseKit.framework in Frameworks */ = {isa = PBXBuildFile; fileRef = 4E2C912E247D8E2C0004B352 /* PromiseKit.framework */; };
		4E2C9139247D8E2C0004B352 /* Eureka.framework in Frameworks */ = {isa = PBXBuildFile; fileRef = 4E2C912F247D8E2C0004B352 /* Eureka.framework */; };
		4E2C913A247D8E2C0004B352 /* RNCryptor.framework in Frameworks */ = {isa = PBXBuildFile; fileRef = 4E2C9130247D8E2C0004B352 /* RNCryptor.framework */; };
		4E2C913B247D8E2C0004B352 /* RxSwift.framework in Frameworks */ = {isa = PBXBuildFile; fileRef = 4E2C9131247D8E2C0004B352 /* RxSwift.framework */; };
		4E2C913C247D8E2C0004B352 /* Starscream.framework in Frameworks */ = {isa = PBXBuildFile; fileRef = 4E2C9132247D8E2C0004B352 /* Starscream.framework */; };
		4E2C913D247D8E2C0004B352 /* Moya.framework in Frameworks */ = {isa = PBXBuildFile; fileRef = 4E2C9133247D8E2C0004B352 /* Moya.framework */; };
		4E2C913E247D8E2C0004B352 /* RxCocoa.framework in Frameworks */ = {isa = PBXBuildFile; fileRef = 4E2C9134247D8E2C0004B352 /* RxCocoa.framework */; };
		4E2C913F247D8E2C0004B352 /* Yams.framework in Frameworks */ = {isa = PBXBuildFile; fileRef = 4E2C9135247D8E2C0004B352 /* Yams.framework */; };
		4E2C9140247D8E2C0004B352 /* Reachability.framework in Frameworks */ = {isa = PBXBuildFile; fileRef = 4E2C9136247D8E2C0004B352 /* Reachability.framework */; };
		4E2C9141247D8E2C0004B352 /* ReSwift.framework in Frameworks */ = {isa = PBXBuildFile; fileRef = 4E2C9137247D8E2C0004B352 /* ReSwift.framework */; };
		4E2C9143247D8E820004B352 /* Alamofire.framework in Frameworks */ = {isa = PBXBuildFile; fileRef = 4E2C9142247D8E820004B352 /* Alamofire.framework */; };
		4E2C9145247D8FFE0004B352 /* RxRelay.framework in Frameworks */ = {isa = PBXBuildFile; fileRef = 4E2C9144247D8FFE0004B352 /* RxRelay.framework */; };
		4E32A538247D856B00E24F84 /* AppDelegate.swift in Sources */ = {isa = PBXBuildFile; fileRef = 4E32A537247D856B00E24F84 /* AppDelegate.swift */; };
		4E32A53A247D856B00E24F84 /* SceneDelegate.swift in Sources */ = {isa = PBXBuildFile; fileRef = 4E32A539247D856B00E24F84 /* SceneDelegate.swift */; };
		4E32A53C247D856B00E24F84 /* ContentView.swift in Sources */ = {isa = PBXBuildFile; fileRef = 4E32A53B247D856B00E24F84 /* ContentView.swift */; };
		4E32A53E247D856D00E24F84 /* Assets.xcassets in Resources */ = {isa = PBXBuildFile; fileRef = 4E32A53D247D856D00E24F84 /* Assets.xcassets */; };
		4E32A541247D856D00E24F84 /* Preview Assets.xcassets in Resources */ = {isa = PBXBuildFile; fileRef = 4E32A540247D856D00E24F84 /* Preview Assets.xcassets */; };
		4E32A544247D856D00E24F84 /* LaunchScreen.storyboard in Resources */ = {isa = PBXBuildFile; fileRef = 4E32A542247D856D00E24F84 /* LaunchScreen.storyboard */; };
/* End PBXBuildFile section */

/* Begin PBXContainerItemProxy section */
		4E158FDB247F106A00FC3070 /* PBXContainerItemProxy */ = {
			isa = PBXContainerItemProxy;
			containerPortal = 4E32A52C247D856B00E24F84 /* Project object */;
			proxyType = 1;
			remoteGlobalIDString = 4E32A533247D856B00E24F84;
			remoteInfo = Dependencies;
		};
/* End PBXContainerItemProxy section */

/* Begin PBXFileReference section */
		4E158FD6247F106A00FC3070 /* DependenciesUITests.xctest */ = {isa = PBXFileReference; explicitFileType = wrapper.cfbundle; includeInIndex = 0; path = DependenciesUITests.xctest; sourceTree = BUILT_PRODUCTS_DIR; };
		4E158FD8247F106A00FC3070 /* DependenciesUITests.swift */ = {isa = PBXFileReference; lastKnownFileType = sourcecode.swift; path = DependenciesUITests.swift; sourceTree = "<group>"; };
		4E158FDA247F106A00FC3070 /* Info.plist */ = {isa = PBXFileReference; lastKnownFileType = text.plist.xml; path = Info.plist; sourceTree = "<group>"; };
		4E2C912E247D8E2C0004B352 /* PromiseKit.framework */ = {isa = PBXFileReference; lastKnownFileType = wrapper.framework; name = PromiseKit.framework; path = Carthage/Build/iOS/PromiseKit.framework; sourceTree = "<group>"; };
		4E2C912F247D8E2C0004B352 /* Eureka.framework */ = {isa = PBXFileReference; lastKnownFileType = wrapper.framework; name = Eureka.framework; path = Carthage/Build/iOS/Eureka.framework; sourceTree = "<group>"; };
		4E2C9130247D8E2C0004B352 /* RNCryptor.framework */ = {isa = PBXFileReference; lastKnownFileType = wrapper.framework; name = RNCryptor.framework; path = Carthage/Build/iOS/RNCryptor.framework; sourceTree = "<group>"; };
		4E2C9131247D8E2C0004B352 /* RxSwift.framework */ = {isa = PBXFileReference; lastKnownFileType = wrapper.framework; name = RxSwift.framework; path = Carthage/Build/iOS/RxSwift.framework; sourceTree = "<group>"; };
		4E2C9132247D8E2C0004B352 /* Starscream.framework */ = {isa = PBXFileReference; lastKnownFileType = wrapper.framework; name = Starscream.framework; path = Carthage/Build/iOS/Starscream.framework; sourceTree = "<group>"; };
		4E2C9133247D8E2C0004B352 /* Moya.framework */ = {isa = PBXFileReference; lastKnownFileType = wrapper.framework; name = Moya.framework; path = Carthage/Build/iOS/Moya.framework; sourceTree = "<group>"; };
		4E2C9134247D8E2C0004B352 /* RxCocoa.framework */ = {isa = PBXFileReference; lastKnownFileType = wrapper.framework; name = RxCocoa.framework; path = Carthage/Build/iOS/RxCocoa.framework; sourceTree = "<group>"; };
		4E2C9135247D8E2C0004B352 /* Yams.framework */ = {isa = PBXFileReference; lastKnownFileType = wrapper.framework; name = Yams.framework; path = Carthage/Build/iOS/Yams.framework; sourceTree = "<group>"; };
		4E2C9136247D8E2C0004B352 /* Reachability.framework */ = {isa = PBXFileReference; lastKnownFileType = wrapper.framework; name = Reachability.framework; path = Carthage/Build/iOS/Reachability.framework; sourceTree = "<group>"; };
		4E2C9137247D8E2C0004B352 /* ReSwift.framework */ = {isa = PBXFileReference; lastKnownFileType = wrapper.framework; name = ReSwift.framework; path = Carthage/Build/iOS/ReSwift.framework; sourceTree = "<group>"; };
		4E2C9142247D8E820004B352 /* Alamofire.framework */ = {isa = PBXFileReference; lastKnownFileType = wrapper.framework; name = Alamofire.framework; path = Carthage/Build/iOS/Alamofire.framework; sourceTree = "<group>"; };
		4E2C9144247D8FFE0004B352 /* RxRelay.framework */ = {isa = PBXFileReference; lastKnownFileType = wrapper.framework; name = RxRelay.framework; path = Carthage/Build/iOS/RxRelay.framework; sourceTree = "<group>"; };
		4E32A534247D856B00E24F84 /* Dependencies.app */ = {isa = PBXFileReference; explicitFileType = wrapper.application; includeInIndex = 0; path = Dependencies.app; sourceTree = BUILT_PRODUCTS_DIR; };
		4E32A537247D856B00E24F84 /* AppDelegate.swift */ = {isa = PBXFileReference; lastKnownFileType = sourcecode.swift; path = AppDelegate.swift; sourceTree = "<group>"; };
		4E32A539247D856B00E24F84 /* SceneDelegate.swift */ = {isa = PBXFileReference; lastKnownFileType = sourcecode.swift; path = SceneDelegate.swift; sourceTree = "<group>"; };
		4E32A53B247D856B00E24F84 /* ContentView.swift */ = {isa = PBXFileReference; lastKnownFileType = sourcecode.swift; path = ContentView.swift; sourceTree = "<group>"; };
		4E32A53D247D856D00E24F84 /* Assets.xcassets */ = {isa = PBXFileReference; lastKnownFileType = folder.assetcatalog; path = Assets.xcassets; sourceTree = "<group>"; };
		4E32A540247D856D00E24F84 /* Preview Assets.xcassets */ = {isa = PBXFileReference; lastKnownFileType = folder.assetcatalog; path = "Preview Assets.xcassets"; sourceTree = "<group>"; };
		4E32A543247D856D00E24F84 /* Base */ = {isa = PBXFileReference; lastKnownFileType = file.storyboard; name = Base; path = Base.lproj/LaunchScreen.storyboard; sourceTree = "<group>"; };
		4E32A545247D856D00E24F84 /* Info.plist */ = {isa = PBXFileReference; lastKnownFileType = text.plist.xml; path = Info.plist; sourceTree = "<group>"; };
/* End PBXFileReference section */

/* Begin PBXFrameworksBuildPhase section */
		4E158FD3247F106A00FC3070 /* Frameworks */ = {
			isa = PBXFrameworksBuildPhase;
			buildActionMask = 2147483647;
			files = (
			);
			runOnlyForDeploymentPostprocessing = 0;
		};
		4E32A531247D856B00E24F84 /* Frameworks */ = {
			isa = PBXFrameworksBuildPhase;
			buildActionMask = 2147483647;
			files = (
				4E2C913B247D8E2C0004B352 /* RxSwift.framework in Frameworks */,
				4E2C9138247D8E2C0004B352 /* PromiseKit.framework in Frameworks */,
				4E2C913E247D8E2C0004B352 /* RxCocoa.framework in Frameworks */,
				4E2C9141247D8E2C0004B352 /* ReSwift.framework in Frameworks */,
				4E2C913A247D8E2C0004B352 /* RNCryptor.framework in Frameworks */,
				4E2C9140247D8E2C0004B352 /* Reachability.framework in Frameworks */,
				4E2C913F247D8E2C0004B352 /* Yams.framework in Frameworks */,
				4E2C9143247D8E820004B352 /* Alamofire.framework in Frameworks */,
				4E2C9145247D8FFE0004B352 /* RxRelay.framework in Frameworks */,
				4E2C913C247D8E2C0004B352 /* Starscream.framework in Frameworks */,
				4E2C913D247D8E2C0004B352 /* Moya.framework in Frameworks */,
				4E2C9139247D8E2C0004B352 /* Eureka.framework in Frameworks */,
			);
			runOnlyForDeploymentPostprocessing = 0;
		};
/* End PBXFrameworksBuildPhase section */

/* Begin PBXGroup section */
		4E158FD7247F106A00FC3070 /* DependenciesUITests */ = {
			isa = PBXGroup;
			children = (
				4E158FD8247F106A00FC3070 /* DependenciesUITests.swift */,
				4E158FDA247F106A00FC3070 /* Info.plist */,
			);
			path = DependenciesUITests;
			sourceTree = "<group>";
		};
		4E32A52B247D856B00E24F84 = {
			isa = PBXGroup;
			children = (
				4E2C9142247D8E820004B352 /* Alamofire.framework */,
				4E2C912F247D8E2C0004B352 /* Eureka.framework */,
				4E2C9133247D8E2C0004B352 /* Moya.framework */,
				4E2C912E247D8E2C0004B352 /* PromiseKit.framework */,
				4E2C9136247D8E2C0004B352 /* Reachability.framework */,
				4E2C9137247D8E2C0004B352 /* ReSwift.framework */,
				4E2C9130247D8E2C0004B352 /* RNCryptor.framework */,
				4E2C9134247D8E2C0004B352 /* RxCocoa.framework */,
				4E2C9144247D8FFE0004B352 /* RxRelay.framework */,
				4E2C9131247D8E2C0004B352 /* RxSwift.framework */,
				4E2C9132247D8E2C0004B352 /* Starscream.framework */,
				4E2C9135247D8E2C0004B352 /* Yams.framework */,
				4E32A536247D856B00E24F84 /* Dependencies */,
				4E158FD7247F106A00FC3070 /* DependenciesUITests */,
				4E32A535247D856B00E24F84 /* Products */,
			);
			sourceTree = "<group>";
		};
		4E32A535247D856B00E24F84 /* Products */ = {
			isa = PBXGroup;
			children = (
				4E32A534247D856B00E24F84 /* Dependencies.app */,
				4E158FD6247F106A00FC3070 /* DependenciesUITests.xctest */,
			);
			name = Products;
			sourceTree = "<group>";
		};
		4E32A536247D856B00E24F84 /* Dependencies */ = {
			isa = PBXGroup;
			children = (
				4E32A537247D856B00E24F84 /* AppDelegate.swift */,
				4E32A539247D856B00E24F84 /* SceneDelegate.swift */,
				4E32A53B247D856B00E24F84 /* ContentView.swift */,
				4E32A53D247D856D00E24F84 /* Assets.xcassets */,
				4E32A542247D856D00E24F84 /* LaunchScreen.storyboard */,
				4E32A545247D856D00E24F84 /* Info.plist */,
				4E32A53F247D856D00E24F84 /* Preview Content */,
			);
			path = Dependencies;
			sourceTree = "<group>";
		};
		4E32A53F247D856D00E24F84 /* Preview Content */ = {
			isa = PBXGroup;
			children = (
				4E32A540247D856D00E24F84 /* Preview Assets.xcassets */,
			);
			path = "Preview Content";
			sourceTree = "<group>";
		};
/* End PBXGroup section */

/* Begin PBXNativeTarget section */
		4E158FD5247F106A00FC3070 /* DependenciesUITests */ = {
			isa = PBXNativeTarget;
			buildConfigurationList = 4E158FDF247F106A00FC3070 /* Build configuration list for PBXNativeTarget "DependenciesUITests" */;
			buildPhases = (
				4E158FD2247F106A00FC3070 /* Sources */,
				4E158FD3247F106A00FC3070 /* Frameworks */,
				4E158FD4247F106A00FC3070 /* Resources */,
			);
			buildRules = (
			);
			dependencies = (
				4E158FDC247F106A00FC3070 /* PBXTargetDependency */,
			);
			name = DependenciesUITests;
			productName = DependenciesUITests;
			productReference = 4E158FD6247F106A00FC3070 /* DependenciesUITests.xctest */;
			productType = "com.apple.product-type.bundle.ui-testing";
		};
		4E32A533247D856B00E24F84 /* Dependencies */ = {
			isa = PBXNativeTarget;
			buildConfigurationList = 4E32A548247D856D00E24F84 /* Build configuration list for PBXNativeTarget "Dependencies" */;
			buildPhases = (
				4E32A530247D856B00E24F84 /* Sources */,
				4E32A531247D856B00E24F84 /* Frameworks */,
				4E32A532247D856B00E24F84 /* Resources */,
				4E2C912D247D8DEF0004B352 /* Carthage copy-frameworks */,
			);
			buildRules = (
			);
			dependencies = (
			);
			name = Dependencies;
			productName = Dependencies;
			productReference = 4E32A534247D856B00E24F84 /* Dependencies.app */;
			productType = "com.apple.product-type.application";
		};
/* End PBXNativeTarget section */

/* Begin PBXProject section */
		4E32A52C247D856B00E24F84 /* Project object */ = {
			isa = PBXProject;
			attributes = {
				LastSwiftUpdateCheck = 1150;
				LastUpgradeCheck = 1150;
				ORGANIZATIONNAME = "Xaver Lohmüller";
				TargetAttributes = {
					4E158FD5247F106A00FC3070 = {
						CreatedOnToolsVersion = 11.5;
						TestTargetID = 4E32A533247D856B00E24F84;
					};
					4E32A533247D856B00E24F84 = {
						CreatedOnToolsVersion = 11.5;
					};
				};
			};
			buildConfigurationList = 4E32A52F247D856B00E24F84 /* Build configuration list for PBXProject "Dependencies" */;
			compatibilityVersion = "Xcode 9.3";
			developmentRegion = en;
			hasScannedForEncodings = 0;
			knownRegions = (
				en,
				Base,
			);
			mainGroup = 4E32A52B247D856B00E24F84;
			productRefGroup = 4E32A535247D856B00E24F84 /* Products */;
			projectDirPath = "";
			projectRoot = "";
			targets = (
				4E32A533247D856B00E24F84 /* Dependencies */,
				4E158FD5247F106A00FC3070 /* DependenciesUITests */,
			);
		};
/* End PBXProject section */

/* Begin PBXResourcesBuildPhase section */
		4E158FD4247F106A00FC3070 /* Resources */ = {
			isa = PBXResourcesBuildPhase;
			buildActionMask = 2147483647;
			files = (
			);
			runOnlyForDeploymentPostprocessing = 0;
		};
		4E32A532247D856B00E24F84 /* Resources */ = {
			isa = PBXResourcesBuildPhase;
			buildActionMask = 2147483647;
			files = (
				4E32A544247D856D00E24F84 /* LaunchScreen.storyboard in Resources */,
				4E32A541247D856D00E24F84 /* Preview Assets.xcassets in Resources */,
				4E32A53E247D856D00E24F84 /* Assets.xcassets in Resources */,
			);
			runOnlyForDeploymentPostprocessing = 0;
		};
/* End PBXResourcesBuildPhase section */

/* Begin PBXShellScriptBuildPhase section */
		4E2C912D247D8DEF0004B352 /* Carthage copy-frameworks */ = {
			isa = PBXShellScriptBuildPhase;
			buildActionMask = 2147483647;
			files = (
			);
			inputFileListPaths = (
			);
			inputPaths = (
				"$(SRCROOT)/Carthage/Build/iOS/Alamofire.framework",
				"$(SRCROOT)/Carthage/Build/iOS/Eureka.framework",
				"$(SRCROOT)/Carthage/Build/iOS/Moya.framework",
				"$(SRCROOT)/Carthage/Build/iOS/PromiseKit.framework",
				"$(SRCROOT)/Carthage/Build/iOS/Reachability.framework",
				"$(SRCROOT)/Carthage/Build/iOS/ReSwift.framework",
				"$(SRCROOT)/Carthage/Build/iOS/RNCryptor.framework",
				"$(SRCROOT)/Carthage/Build/iOS/RxCocoa.framework",
				"$(SRCROOT)/Carthage/Build/iOS/RxRelay.framework",
				"$(SRCROOT)/Carthage/Build/iOS/RxSwift.framework",
				"$(SRCROOT)/Carthage/Build/iOS/Starscream.framework",
				"$(SRCROOT)/Carthage/Build/iOS/Yams.framework",
			);
			name = "Carthage copy-frameworks";
			outputFileListPaths = (
			);
			outputPaths = (
				"$(BUILT_PRODUCTS_DIR)/$(FRAMEWORKS_FOLDER_PATH)/Alamofire.framework",
				"$(BUILT_PRODUCTS_DIR)/$(FRAMEWORKS_FOLDER_PATH)/Eureka.framework",
				"$(BUILT_PRODUCTS_DIR)/$(FRAMEWORKS_FOLDER_PATH)/Moya.framework",
				"$(BUILT_PRODUCTS_DIR)/$(FRAMEWORKS_FOLDER_PATH)/PromiseKit.framework",
				"$(BUILT_PRODUCTS_DIR)/$(FRAMEWORKS_FOLDER_PATH)/Reachability.framework",
				"$(BUILT_PRODUCTS_DIR)/$(FRAMEWORKS_FOLDER_PATH)/ReSwift.framework",
				"$(BUILT_PRODUCTS_DIR)/$(FRAMEWORKS_FOLDER_PATH)/RNCryptor.framework",
				"$(BUILT_PRODUCTS_DIR)/$(FRAMEWORKS_FOLDER_PATH)/RxCocoa.framework",
				"$(BUILT_PRODUCTS_DIR)/$(FRAMEWORKS_FOLDER_PATH)/RxRelay.framework",
				"$(BUILT_PRODUCTS_DIR)/$(FRAMEWORKS_FOLDER_PATH)/RxSwift.framework",
				"$(BUILT_PRODUCTS_DIR)/$(FRAMEWORKS_FOLDER_PATH)/Starscream.framework",
				"$(BUILT_PRODUCTS_DIR)/$(FRAMEWORKS_FOLDER_PATH)/Yams.framework",
			);
			runOnlyForDeploymentPostprocessing = 0;
			shellPath = /bin/sh;
			shellScript = "/usr/local/bin/carthage copy-frameworks\n";
		};
/* End PBXShellScriptBuildPhase section */

/* Begin PBXSourcesBuildPhase section */
		4E158FD2247F106A00FC3070 /* Sources */ = {
			isa = PBXSourcesBuildPhase;
			buildActionMask = 2147483647;
			files = (
				4E158FD9247F106A00FC3070 /* DependenciesUITests.swift in Sources */,
			);
			runOnlyForDeploymentPostprocessing = 0;
		};
		4E32A530247D856B00E24F84 /* Sources */ = {
			isa = PBXSourcesBuildPhase;
			buildActionMask = 2147483647;
			files = (
				4E32A538247D856B00E24F84 /* AppDelegate.swift in Sources */,
				4E32A53A247D856B00E24F84 /* SceneDelegate.swift in Sources */,
				4E32A53C247D856B00E24F84 /* ContentView.swift in Sources */,
			);
			runOnlyForDeploymentPostprocessing = 0;
		};
/* End PBXSourcesBuildPhase section */

/* Begin PBXTargetDependency section */
		4E158FDC247F106A00FC3070 /* PBXTargetDependency */ = {
			isa = PBXTargetDependency;
			target = 4E32A533247D856B00E24F84 /* Dependencies */;
			targetProxy = 4E158FDB247F106A00FC3070 /* PBXContainerItemProxy */;
		};
/* End PBXTargetDependency section */

/* Begin PBXVariantGroup section */
		4E32A542247D856D00E24F84 /* LaunchScreen.storyboard */ = {
			isa = PBXVariantGroup;
			children = (
				4E32A543247D856D00E24F84 /* Base */,
			);
			name = LaunchScreen.storyboard;
			sourceTree = "<group>";
		};
/* End PBXVariantGroup section */

/* Begin XCBuildConfiguration section */
		4E158FDD247F106A00FC3070 /* Debug */ = {
			isa = XCBuildConfiguration;
			buildSettings = {
				CODE_SIGN_STYLE = Automatic;
				DEVELOPMENT_TEAM = 3CN9FMBCF4;
				INFOPLIST_FILE = DependenciesUITests/Info.plist;
				LD_RUNPATH_SEARCH_PATHS = (
					"$(inherited)",
					"@executable_path/Frameworks",
					"@loader_path/Frameworks",
				);
				PRODUCT_BUNDLE_IDENTIFIER = com.example.DependenciesUITests;
				PRODUCT_NAME = "$(TARGET_NAME)";
				SWIFT_VERSION = 5.0;
				TARGETED_DEVICE_FAMILY = "1,2";
				TEST_TARGET_NAME = Dependencies;
			};
			name = Debug;
		};
		4E158FDE247F106A00FC3070 /* Release */ = {
			isa = XCBuildConfiguration;
			buildSettings = {
				CODE_SIGN_STYLE = Automatic;
				DEVELOPMENT_TEAM = 3CN9FMBCF4;
				INFOPLIST_FILE = DependenciesUITests/Info.plist;
				LD_RUNPATH_SEARCH_PATHS = (
					"$(inherited)",
					"@executable_path/Frameworks",
					"@loader_path/Frameworks",
				);
				PRODUCT_BUNDLE_IDENTIFIER = com.example.DependenciesUITests;
				PRODUCT_NAME = "$(TARGET_NAME)";
				SWIFT_VERSION = 5.0;
				TARGETED_DEVICE_FAMILY = "1,2";
				TEST_TARGET_NAME = Dependencies;
			};
			name = Release;
		};
		4E32A546247D856D00E24F84 /* Debug */ = {
			isa = XCBuildConfiguration;
			buildSettings = {
				ALWAYS_SEARCH_USER_PATHS = NO;
				CLANG_ANALYZER_NONNULL = YES;
				CLANG_ANALYZER_NUMBER_OBJECT_CONVERSION = YES_AGGRESSIVE;
				CLANG_CXX_LANGUAGE_STANDARD = "gnu++14";
				CLANG_CXX_LIBRARY = "libc++";
				CLANG_ENABLE_MODULES = YES;
				CLANG_ENABLE_OBJC_ARC = YES;
				CLANG_ENABLE_OBJC_WEAK = YES;
				CLANG_WARN_BLOCK_CAPTURE_AUTORELEASING = YES;
				CLANG_WARN_BOOL_CONVERSION = YES;
				CLANG_WARN_COMMA = YES;
				CLANG_WARN_CONSTANT_CONVERSION = YES;
				CLANG_WARN_DEPRECATED_OBJC_IMPLEMENTATIONS = YES;
				CLANG_WARN_DIRECT_OBJC_ISA_USAGE = YES_ERROR;
				CLANG_WARN_DOCUMENTATION_COMMENTS = YES;
				CLANG_WARN_EMPTY_BODY = YES;
				CLANG_WARN_ENUM_CONVERSION = YES;
				CLANG_WARN_INFINITE_RECURSION = YES;
				CLANG_WARN_INT_CONVERSION = YES;
				CLANG_WARN_NON_LITERAL_NULL_CONVERSION = YES;
				CLANG_WARN_OBJC_IMPLICIT_RETAIN_SELF = YES;
				CLANG_WARN_OBJC_LITERAL_CONVERSION = YES;
				CLANG_WARN_OBJC_ROOT_CLASS = YES_ERROR;
				CLANG_WARN_RANGE_LOOP_ANALYSIS = YES;
				CLANG_WARN_STRICT_PROTOTYPES = YES;
				CLANG_WARN_SUSPICIOUS_MOVE = YES;
				CLANG_WARN_UNGUARDED_AVAILABILITY = YES_AGGRESSIVE;
				CLANG_WARN_UNREACHABLE_CODE = YES;
				CLANG_WARN__DUPLICATE_METHOD_MATCH = YES;
				COPY_PHASE_STRIP = NO;
				DEBUG_INFORMATION_FORMAT = dwarf;
				ENABLE_STRICT_OBJC_MSGSEND = YES;
				ENABLE_TESTABILITY = YES;
				GCC_C_LANGUAGE_STANDARD = gnu11;
				GCC_DYNAMIC_NO_PIC = NO;
				GCC_NO_COMMON_BLOCKS = YES;
				GCC_OPTIMIZATION_LEVEL = 0;
				GCC_PREPROCESSOR_DEFINITIONS = (
					"DEBUG=1",
					"$(inherited)",
				);
				GCC_WARN_64_TO_32_BIT_CONVERSION = YES;
				GCC_WARN_ABOUT_RETURN_TYPE = YES_ERROR;
				GCC_WARN_UNDECLARED_SELECTOR = YES;
				GCC_WARN_UNINITIALIZED_AUTOS = YES_AGGRESSIVE;
				GCC_WARN_UNUSED_FUNCTION = YES;
				GCC_WARN_UNUSED_VARIABLE = YES;
				IPHONEOS_DEPLOYMENT_TARGET = 13.5;
				MTL_ENABLE_DEBUG_INFO = INCLUDE_SOURCE;
				MTL_FAST_MATH = YES;
				ONLY_ACTIVE_ARCH = YES;
				SDKROOT = iphoneos;
				SWIFT_ACTIVE_COMPILATION_CONDITIONS = DEBUG;
				SWIFT_OPTIMIZATION_LEVEL = "-Onone";
			};
			name = Debug;
		};
		4E32A547247D856D00E24F84 /* Release */ = {
			isa = XCBuildConfiguration;
			buildSettings = {
				ALWAYS_SEARCH_USER_PATHS = NO;
				CLANG_ANALYZER_NONNULL = YES;
				CLANG_ANALYZER_NUMBER_OBJECT_CONVERSION = YES_AGGRESSIVE;
				CLANG_CXX_LANGUAGE_STANDARD = "gnu++14";
				CLANG_CXX_LIBRARY = "libc++";
				CLANG_ENABLE_MODULES = YES;
				CLANG_ENABLE_OBJC_ARC = YES;
				CLANG_ENABLE_OBJC_WEAK = YES;
				CLANG_WARN_BLOCK_CAPTURE_AUTORELEASING = YES;
				CLANG_WARN_BOOL_CONVERSION = YES;
				CLANG_WARN_COMMA = YES;
				CLANG_WARN_CONSTANT_CONVERSION = YES;
				CLANG_WARN_DEPRECATED_OBJC_IMPLEMENTATIONS = YES;
				CLANG_WARN_DIRECT_OBJC_ISA_USAGE = YES_ERROR;
				CLANG_WARN_DOCUMENTATION_COMMENTS = YES;
				CLANG_WARN_EMPTY_BODY = YES;
				CLANG_WARN_ENUM_CONVERSION = YES;
				CLANG_WARN_INFINITE_RECURSION = YES;
				CLANG_WARN_INT_CONVERSION = YES;
				CLANG_WARN_NON_LITERAL_NULL_CONVERSION = YES;
				CLANG_WARN_OBJC_IMPLICIT_RETAIN_SELF = YES;
				CLANG_WARN_OBJC_LITERAL_CONVERSION = YES;
				CLANG_WARN_OBJC_ROOT_CLASS = YES_ERROR;
				CLANG_WARN_RANGE_LOOP_ANALYSIS = YES;
				CLANG_WARN_STRICT_PROTOTYPES = YES;
				CLANG_WARN_SUSPICIOUS_MOVE = YES;
				CLANG_WARN_UNGUARDED_AVAILABILITY = YES_AGGRESSIVE;
				CLANG_WARN_UNREACHABLE_CODE = YES;
				CLANG_WARN__DUPLICATE_METHOD_MATCH = YES;
				COPY_PHASE_STRIP = NO;
				DEBUG_INFORMATION_FORMAT = "dwarf-with-dsym";
				ENABLE_NS_ASSERTIONS = NO;
				ENABLE_STRICT_OBJC_MSGSEND = YES;
				GCC_C_LANGUAGE_STANDARD = gnu11;
				GCC_NO_COMMON_BLOCKS = YES;
				GCC_WARN_64_TO_32_BIT_CONVERSION = YES;
				GCC_WARN_ABOUT_RETURN_TYPE = YES_ERROR;
				GCC_WARN_UNDECLARED_SELECTOR = YES;
				GCC_WARN_UNINITIALIZED_AUTOS = YES_AGGRESSIVE;
				GCC_WARN_UNUSED_FUNCTION = YES;
				GCC_WARN_UNUSED_VARIABLE = YES;
				IPHONEOS_DEPLOYMENT_TARGET = 13.5;
				MTL_ENABLE_DEBUG_INFO = NO;
				MTL_FAST_MATH = YES;
				SDKROOT = iphoneos;
				SWIFT_COMPILATION_MODE = wholemodule;
				SWIFT_OPTIMIZATION_LEVEL = "-O";
				VALIDATE_PRODUCT = YES;
			};
			name = Release;
		};
		4E32A549247D856D00E24F84 /* Debug */ = {
			isa = XCBuildConfiguration;
			buildSettings = {
				ASSETCATALOG_COMPILER_APPICON_NAME = AppIcon;
				CODE_SIGN_IDENTITY = "Apple Development";
				CODE_SIGN_STYLE = Automatic;
				DEVELOPMENT_ASSET_PATHS = "\"Dependencies/Preview Content\"";
				DEVELOPMENT_TEAM = 3CN9FMBCF4;
				ENABLE_PREVIEWS = YES;
				FRAMEWORK_SEARCH_PATHS = (
					"$(inherited)",
					"$(PROJECT_DIR)/Carthage/Build/iOS",
				);
				INFOPLIST_FILE = Dependencies/Info.plist;
				LD_RUNPATH_SEARCH_PATHS = (
					"$(inherited)",
					"@executable_path/Frameworks",
				);
				PRODUCT_BUNDLE_IDENTIFIER = com.example.Dependencies;
				PRODUCT_NAME = "$(TARGET_NAME)";
				PROVISIONING_PROFILE_SPECIFIER = "";
				SWIFT_VERSION = 5.0;
				TARGETED_DEVICE_FAMILY = "1,2";
			};
			name = Debug;
		};
		4E32A54A247D856D00E24F84 /* Release */ = {
			isa = XCBuildConfiguration;
			buildSettings = {
				ASSETCATALOG_COMPILER_APPICON_NAME = AppIcon;
				CODE_SIGN_IDENTITY = "Apple Development";
				CODE_SIGN_STYLE = Automatic;
				DEVELOPMENT_ASSET_PATHS = "\"Dependencies/Preview Content\"";
				DEVELOPMENT_TEAM = 3CN9FMBCF4;
				ENABLE_PREVIEWS = YES;
				FRAMEWORK_SEARCH_PATHS = (
					"$(inherited)",
					"$(PROJECT_DIR)/Carthage/Build/iOS",
				);
				INFOPLIST_FILE = Dependencies/Info.plist;
				LD_RUNPATH_SEARCH_PATHS = (
					"$(inherited)",
					"@executable_path/Frameworks",
				);
				PRODUCT_BUNDLE_IDENTIFIER = com.example.Dependencies;
				PRODUCT_NAME = "$(TARGET_NAME)";
				PROVISIONING_PROFILE_SPECIFIER = "";
				SWIFT_VERSION = 5.0;
				TARGETED_DEVICE_FAMILY = "1,2";
			};
			name = Release;
		};
/* End XCBuildConfiguration section */

/* Begin XCConfigurationList section */
		4E158FDF247F106A00FC3070 /* Build configuration list for PBXNativeTarget "DependenciesUITests" */ = {
			isa = XCConfigurationList;
			buildConfigurations = (
				4E158FDD247F106A00FC3070 /* Debug */,
				4E158FDE247F106A00FC3070 /* Release */,
			);
			defaultConfigurationIsVisible = 0;
			defaultConfigurationName = Release;
		};
		4E32A52F247D856B00E24F84 /* Build configuration list for PBXProject "Dependencies" */ = {
			isa = XCConfigurationList;
			buildConfigurations = (
				4E32A546247D856D00E24F84 /* Debug */,
				4E32A547247D856D00E24F84 /* Release */,
			);
			defaultConfigurationIsVisible = 0;
			defaultConfigurationName = Release;
		};
		4E32A548247D856D00E24F84 /* Build configuration list for PBXNativeTarget "Dependencies" */ = {
			isa = XCConfigurationList;
			buildConfigurations = (
				4E32A549247D856D00E24F84 /* Debug */,
				4E32A54A247D856D00E24F84 /* Release */,
			);
			defaultConfigurationIsVisible = 0;
			defaultConfigurationName = Release;
		};
/* End XCConfigurationList section */
	};
	rootObject = 4E32A52C247D856B00E24F84 /* Project object */;
}
