// !$*UTF8*$!
{
	archiveVersion = 1;
	classes = {
	};
	objectVersion = 51;
	objects = {

/* Begin PBXBuildFile section */
		4E158FCB247F0F4600FC3070 /* DependenciesUITests.swift in Sources */ = {isa = PBXBuildFile; fileRef = 4E158FCA247F0F4600FC3070 /* DependenciesUITests.swift */; };
		4E32A538247D856B00E24F84 /* AppDelegate.swift in Sources */ = {isa = PBXBuildFile; fileRef = 4E32A537247D856B00E24F84 /* AppDelegate.swift */; };
		4E32A53A247D856B00E24F84 /* SceneDelegate.swift in Sources */ = {isa = PBXBuildFile; fileRef = 4E32A539247D856B00E24F84 /* SceneDelegate.swift */; };
		4E32A53C247D856B00E24F84 /* ContentView.swift in Sources */ = {isa = PBXBuildFile; fileRef = 4E32A53B247D856B00E24F84 /* ContentView.swift */; };
		4E32A53E247D856D00E24F84 /* Assets.xcassets in Resources */ = {isa = PBXBuildFile; fileRef = 4E32A53D247D856D00E24F84 /* Assets.xcassets */; };
		4E32A541247D856D00E24F84 /* Preview Assets.xcassets in Resources */ = {isa = PBXBuildFile; fileRef = 4E32A540247D856D00E24F84 /* Preview Assets.xcassets */; };
		4E32A544247D856D00E24F84 /* LaunchScreen.storyboard in Resources */ = {isa = PBXBuildFile; fileRef = 4E32A542247D856D00E24F84 /* LaunchScreen.storyboard */; };
		EE48CE0BD5F8BB32888322E5 /* Pods_Dependencies.framework in Frameworks */ = {isa = PBXBuildFile; fileRef = 269620C1DA234D9DDF524EE8 /* Pods_Dependencies.framework */; };
/* End PBXBuildFile section */

/* Begin PBXContainerItemProxy section */
		4E158FCD247F0F4600FC3070 /* PBXContainerItemProxy */ = {
			isa = PBXContainerItemProxy;
			containerPortal = 4E32A52C247D856B00E24F84 /* Project object */;
			proxyType = 1;
			remoteGlobalIDString = 4E32A533247D856B00E24F84;
			remoteInfo = Dependencies;
		};
/* End PBXContainerItemProxy section */

/* Begin PBXFileReference section */
		269620C1DA234D9DDF524EE8 /* Pods_Dependencies.framework */ = {isa = PBXFileReference; explicitFileType = wrapper.framework; includeInIndex = 0; path = Pods_Dependencies.framework; sourceTree = BUILT_PRODUCTS_DIR; };
		4E158FC8247F0F4600FC3070 /* DependenciesUITests.xctest */ = {isa = PBXFileReference; explicitFileType = wrapper.cfbundle; includeInIndex = 0; path = DependenciesUITests.xctest; sourceTree = BUILT_PRODUCTS_DIR; };
		4E158FCA247F0F4600FC3070 /* DependenciesUITests.swift */ = {isa = PBXFileReference; lastKnownFileType = sourcecode.swift; path = DependenciesUITests.swift; sourceTree = "<group>"; };
		4E158FCC247F0F4600FC3070 /* Info.plist */ = {isa = PBXFileReference; lastKnownFileType = text.plist.xml; path = Info.plist; sourceTree = "<group>"; };
		4E32A534247D856B00E24F84 /* Dependencies.app */ = {isa = PBXFileReference; explicitFileType = wrapper.application; includeInIndex = 0; path = Dependencies.app; sourceTree = BUILT_PRODUCTS_DIR; };
		4E32A537247D856B00E24F84 /* AppDelegate.swift */ = {isa = PBXFileReference; lastKnownFileType = sourcecode.swift; path = AppDelegate.swift; sourceTree = "<group>"; };
		4E32A539247D856B00E24F84 /* SceneDelegate.swift */ = {isa = PBXFileReference; lastKnownFileType = sourcecode.swift; path = SceneDelegate.swift; sourceTree = "<group>"; };
		4E32A53B247D856B00E24F84 /* ContentView.swift */ = {isa = PBXFileReference; lastKnownFileType = sourcecode.swift; path = ContentView.swift; sourceTree = "<group>"; };
		4E32A53D247D856D00E24F84 /* Assets.xcassets */ = {isa = PBXFileReference; lastKnownFileType = folder.assetcatalog; path = Assets.xcassets; sourceTree = "<group>"; };
		4E32A540247D856D00E24F84 /* Preview Assets.xcassets */ = {isa = PBXFileReference; lastKnownFileType = folder.assetcatalog; path = "Preview Assets.xcassets"; sourceTree = "<group>"; };
		4E32A543247D856D00E24F84 /* Base */ = {isa = PBXFileReference; lastKnownFileType = file.storyboard; name = Base; path = Base.lproj/LaunchScreen.storyboard; sourceTree = "<group>"; };
		4E32A545247D856D00E24F84 /* Info.plist */ = {isa = PBXFileReference; lastKnownFileType = text.plist.xml; path = Info.plist; sourceTree = "<group>"; };
		54CF5325A7221210FB6C8447 /* Pods-Dependencies.release.xcconfig */ = {isa = PBXFileReference; includeInIndex = 1; lastKnownFileType = text.xcconfig; name = "Pods-Dependencies.release.xcconfig"; path = "Target Support Files/Pods-Dependencies/Pods-Dependencies.release.xcconfig"; sourceTree = "<group>"; };
		ED2368C1DFC2BB4A7EFD86FA /* Pods-Dependencies.debug.xcconfig */ = {isa = PBXFileReference; includeInIndex = 1; lastKnownFileType = text.xcconfig; name = "Pods-Dependencies.debug.xcconfig"; path = "Target Support Files/Pods-Dependencies/Pods-Dependencies.debug.xcconfig"; sourceTree = "<group>"; };
/* End PBXFileReference section */

/* Begin PBXFrameworksBuildPhase section */
		4E158FC5247F0F4600FC3070 /* Frameworks */ = {
			isa = PBXFrameworksBuildPhase;
			buildActionMask = 2147483647;
			files = (
			);
			runOnlyForDeploymentPostprocessing = 0;
		};
		4E32A531247D856B00E24F84 /* Frameworks */ = {
			isa = PBXFrameworksBuildPhase;
			buildActionMask = 2147483647;
			files = (
				EE48CE0BD5F8BB32888322E5 /* Pods_Dependencies.framework in Frameworks */,
			);
			runOnlyForDeploymentPostprocessing = 0;
		};
/* End PBXFrameworksBuildPhase section */

/* Begin PBXGroup section */
		4D3C6805BBF2DAC242667814 /* Pods */ = {
			isa = PBXGroup;
			children = (
				ED2368C1DFC2BB4A7EFD86FA /* Pods-Dependencies.debug.xcconfig */,
				54CF5325A7221210FB6C8447 /* Pods-Dependencies.release.xcconfig */,
			);
			path = Pods;
			sourceTree = "<group>";
		};
		4E158FC9247F0F4600FC3070 /* DependenciesUITests */ = {
			isa = PBXGroup;
			children = (
				4E158FCA247F0F4600FC3070 /* DependenciesUITests.swift */,
				4E158FCC247F0F4600FC3070 /* Info.plist */,
			);
			path = DependenciesUITests;
			sourceTree = "<group>";
		};
		4E32A52B247D856B00E24F84 = {
			isa = PBXGroup;
			children = (
				4E32A536247D856B00E24F84 /* Dependencies */,
				4E158FC9247F0F4600FC3070 /* DependenciesUITests */,
				4E32A535247D856B00E24F84 /* Products */,
				4D3C6805BBF2DAC242667814 /* Pods */,
				A904D02135E8207EF9AB677D /* Frameworks */,
			);
			sourceTree = "<group>";
		};
		4E32A535247D856B00E24F84 /* Products */ = {
			isa = PBXGroup;
			children = (
				4E32A534247D856B00E24F84 /* Dependencies.app */,
				4E158FC8247F0F4600FC3070 /* DependenciesUITests.xctest */,
			);
			name = Products;
			sourceTree = "<group>";
		};
		4E32A536247D856B00E24F84 /* Dependencies */ = {
			isa = PBXGroup;
			children = (
				4E32A537247D856B00E24F84 /* AppDelegate.swift */,
				4E32A539247D856B00E24F84 /* SceneDelegate.swift */,
				4E32A53B247D856B00E24F84 /* ContentView.swift */,
				4E32A53D247D856D00E24F84 /* Assets.xcassets */,
				4E32A542247D856D00E24F84 /* LaunchScreen.storyboard */,
				4E32A545247D856D00E24F84 /* Info.plist */,
				4E32A53F247D856D00E24F84 /* Preview Content */,
			);
			path = Dependencies;
			sourceTree = "<group>";
		};
		4E32A53F247D856D00E24F84 /* Preview Content */ = {
			isa = PBXGroup;
			children = (
				4E32A540247D856D00E24F84 /* Preview Assets.xcassets */,
			);
			path = "Preview Content";
			sourceTree = "<group>";
		};
		A904D02135E8207EF9AB677D /* Frameworks */ = {
			isa = PBXGroup;
			children = (
				269620C1DA234D9DDF524EE8 /* Pods_Dependencies.framework */,
			);
			name = Frameworks;
			sourceTree = "<group>";
		};
/* End PBXGroup section */

/* Begin PBXNativeTarget section */
		4E158FC7247F0F4600FC3070 /* DependenciesUITests */ = {
			isa = PBXNativeTarget;
			buildConfigurationList = 4E158FD1247F0F4600FC3070 /* Build configuration list for PBXNativeTarget "DependenciesUITests" */;
			buildPhases = (
				4E158FC4247F0F4600FC3070 /* Sources */,
				4E158FC5247F0F4600FC3070 /* Frameworks */,
				4E158FC6247F0F4600FC3070 /* Resources */,
			);
			buildRules = (
			);
			dependencies = (
				4E158FCE247F0F4600FC3070 /* PBXTargetDependency */,
			);
			name = DependenciesUITests;
			productName = DependenciesUITests;
			productReference = 4E158FC8247F0F4600FC3070 /* DependenciesUITests.xctest */;
			productType = "com.apple.product-type.bundle.ui-testing";
		};
		4E32A533247D856B00E24F84 /* Dependencies */ = {
			isa = PBXNativeTarget;
			buildConfigurationList = 4E32A548247D856D00E24F84 /* Build configuration list for PBXNativeTarget "Dependencies" */;
			buildPhases = (
				706A1678BE7D0E4810AD89E3 /* [CP] Check Pods Manifest.lock */,
				4E32A530247D856B00E24F84 /* Sources */,
				4E32A531247D856B00E24F84 /* Frameworks */,
				4E32A532247D856B00E24F84 /* Resources */,
				829B660940F8CAD715F4ADBD /* [CP] Embed Pods Frameworks */,
			);
			buildRules = (
			);
			dependencies = (
			);
			name = Dependencies;
			productName = Dependencies;
			productReference = 4E32A534247D856B00E24F84 /* Dependencies.app */;
			productType = "com.apple.product-type.application";
		};
/* End PBXNativeTarget section */

/* Begin PBXProject section */
		4E32A52C247D856B00E24F84 /* Project object */ = {
			isa = PBXProject;
			attributes = {
				LastSwiftUpdateCheck = 1150;
				LastUpgradeCheck = 1150;
				ORGANIZATIONNAME = "Xaver Lohmüller";
				TargetAttributes = {
					4E158FC7247F0F4600FC3070 = {
						CreatedOnToolsVersion = 11.5;
						TestTargetID = 4E32A533247D856B00E24F84;
					};
					4E32A533247D856B00E24F84 = {
						CreatedOnToolsVersion = 11.5;
					};
				};
			};
			buildConfigurationList = 4E32A52F247D856B00E24F84 /* Build configuration list for PBXProject "Dependencies" */;
			compatibilityVersion = "Xcode 9.3";
			developmentRegion = en;
			hasScannedForEncodings = 0;
			knownRegions = (
				en,
				Base,
			);
			mainGroup = 4E32A52B247D856B00E24F84;
			productRefGroup = 4E32A535247D856B00E24F84 /* Products */;
			projectDirPath = "";
			projectRoot = "";
			targets = (
				4E32A533247D856B00E24F84 /* Dependencies */,
				4E158FC7247F0F4600FC3070 /* DependenciesUITests */,
			);
		};
/* End PBXProject section */

/* Begin PBXResourcesBuildPhase section */
		4E158FC6247F0F4600FC3070 /* Resources */ = {
			isa = PBXResourcesBuildPhase;
			buildActionMask = 2147483647;
			files = (
			);
			runOnlyForDeploymentPostprocessing = 0;
		};
		4E32A532247D856B00E24F84 /* Resources */ = {
			isa = PBXResourcesBuildPhase;
			buildActionMask = 2147483647;
			files = (
				4E32A544247D856D00E24F84 /* LaunchScreen.storyboard in Resources */,
				4E32A541247D856D00E24F84 /* Preview Assets.xcassets in Resources */,
				4E32A53E247D856D00E24F84 /* Assets.xcassets in Resources */,
			);
			runOnlyForDeploymentPostprocessing = 0;
		};
/* End PBXResourcesBuildPhase section */

/* Begin PBXShellScriptBuildPhase section */
		706A1678BE7D0E4810AD89E3 /* [CP] Check Pods Manifest.lock */ = {
			isa = PBXShellScriptBuildPhase;
			buildActionMask = 2147483647;
			files = (
			);
			inputFileListPaths = (
			);
			inputPaths = (
				"${PODS_PODFILE_DIR_PATH}/Podfile.lock",
				"${PODS_ROOT}/Manifest.lock",
			);
			name = "[CP] Check Pods Manifest.lock";
			outputFileListPaths = (
			);
			outputPaths = (
				"$(DERIVED_FILE_DIR)/Pods-Dependencies-checkManifestLockResult.txt",
			);
			runOnlyForDeploymentPostprocessing = 0;
			shellPath = /bin/sh;
			shellScript = "diff \"${PODS_PODFILE_DIR_PATH}/Podfile.lock\" \"${PODS_ROOT}/Manifest.lock\" > /dev/null\nif [ $? != 0 ] ; then\n    # print error to STDERR\n    echo \"error: The sandbox is not in sync with the Podfile.lock. Run 'pod install' or update your CocoaPods installation.\" >&2\n    exit 1\nfi\n# This output is used by Xcode 'outputs' to avoid re-running this script phase.\necho \"SUCCESS\" > \"${SCRIPT_OUTPUT_FILE_0}\"\n";
			showEnvVarsInLog = 0;
		};
		829B660940F8CAD715F4ADBD /* [CP] Embed Pods Frameworks */ = {
			isa = PBXShellScriptBuildPhase;
			buildActionMask = 2147483647;
			files = (
			);
			inputFileListPaths = (
				"${PODS_ROOT}/Target Support Files/Pods-Dependencies/Pods-Dependencies-frameworks-${CONFIGURATION}-input-files.xcfilelist",
			);
			name = "[CP] Embed Pods Frameworks";
			outputFileListPaths = (
				"${PODS_ROOT}/Target Support Files/Pods-Dependencies/Pods-Dependencies-frameworks-${CONFIGURATION}-output-files.xcfilelist",
			);
			runOnlyForDeploymentPostprocessing = 0;
			shellPath = /bin/sh;
			shellScript = "\"${PODS_ROOT}/Target Support Files/Pods-Dependencies/Pods-Dependencies-frameworks.sh\"\n";
			showEnvVarsInLog = 0;
		};
/* End PBXShellScriptBuildPhase section */

/* Begin PBXSourcesBuildPhase section */
		4E158FC4247F0F4600FC3070 /* Sources */ = {
			isa = PBXSourcesBuildPhase;
			buildActionMask = 2147483647;
			files = (
				4E158FCB247F0F4600FC3070 /* DependenciesUITests.swift in Sources */,
			);
			runOnlyForDeploymentPostprocessing = 0;
		};
		4E32A530247D856B00E24F84 /* Sources */ = {
			isa = PBXSourcesBuildPhase;
			buildActionMask = 2147483647;
			files = (
				4E32A538247D856B00E24F84 /* AppDelegate.swift in Sources */,
				4E32A53A247D856B00E24F84 /* SceneDelegate.swift in Sources */,
				4E32A53C247D856B00E24F84 /* ContentView.swift in Sources */,
			);
			runOnlyForDeploymentPostprocessing = 0;
		};
/* End PBXSourcesBuildPhase section */

/* Begin PBXTargetDependency section */
		4E158FCE247F0F4600FC3070 /* PBXTargetDependency */ = {
			isa = PBXTargetDependency;
			target = 4E32A533247D856B00E24F84 /* Dependencies */;
			targetProxy = 4E158FCD247F0F4600FC3070 /* PBXContainerItemProxy */;
		};
/* End PBXTargetDependency section */

/* Begin PBXVariantGroup section */
		4E32A542247D856D00E24F84 /* LaunchScreen.storyboard */ = {
			isa = PBXVariantGroup;
			children = (
				4E32A543247D856D00E24F84 /* Base */,
			);
			name = LaunchScreen.storyboard;
			sourceTree = "<group>";
		};
/* End PBXVariantGroup section */

/* Begin XCBuildConfiguration section */
		4E158FCF247F0F4600FC3070 /* Debug */ = {
			isa = XCBuildConfiguration;
			buildSettings = {
				CODE_SIGN_STYLE = Automatic;
				DEVELOPMENT_TEAM = 3CN9FMBCF4;
				INFOPLIST_FILE = DependenciesUITests/Info.plist;
				LD_RUNPATH_SEARCH_PATHS = (
					"$(inherited)",
					"@executable_path/Frameworks",
					"@loader_path/Frameworks",
				);
				PRODUCT_BUNDLE_IDENTIFIER = com.example.DependenciesUITests;
				PRODUCT_NAME = "$(TARGET_NAME)";
				SWIFT_VERSION = 5.0;
				TARGETED_DEVICE_FAMILY = "1,2";
				TEST_TARGET_NAME = Dependencies;
			};
			name = Debug;
		};
		4E158FD0247F0F4600FC3070 /* Release */ = {
			isa = XCBuildConfiguration;
			buildSettings = {
				CODE_SIGN_STYLE = Automatic;
				DEVELOPMENT_TEAM = 3CN9FMBCF4;
				INFOPLIST_FILE = DependenciesUITests/Info.plist;
				LD_RUNPATH_SEARCH_PATHS = (
					"$(inherited)",
					"@executable_path/Frameworks",
					"@loader_path/Frameworks",
				);
				PRODUCT_BUNDLE_IDENTIFIER = com.example.DependenciesUITests;
				PRODUCT_NAME = "$(TARGET_NAME)";
				SWIFT_VERSION = 5.0;
				TARGETED_DEVICE_FAMILY = "1,2";
				TEST_TARGET_NAME = Dependencies;
			};
			name = Release;
		};
		4E32A546247D856D00E24F84 /* Debug */ = {
			isa = XCBuildConfiguration;
			buildSettings = {
				ALWAYS_SEARCH_USER_PATHS = NO;
				CLANG_ANALYZER_NONNULL = YES;
				CLANG_ANALYZER_NUMBER_OBJECT_CONVERSION = YES_AGGRESSIVE;
				CLANG_CXX_LANGUAGE_STANDARD = "gnu++14";
				CLANG_CXX_LIBRARY = "libc++";
				CLANG_ENABLE_MODULES = YES;
				CLANG_ENABLE_OBJC_ARC = YES;
				CLANG_ENABLE_OBJC_WEAK = YES;
				CLANG_WARN_BLOCK_CAPTURE_AUTORELEASING = YES;
				CLANG_WARN_BOOL_CONVERSION = YES;
				CLANG_WARN_COMMA = YES;
				CLANG_WARN_CONSTANT_CONVERSION = YES;
				CLANG_WARN_DEPRECATED_OBJC_IMPLEMENTATIONS = YES;
				CLANG_WARN_DIRECT_OBJC_ISA_USAGE = YES_ERROR;
				CLANG_WARN_DOCUMENTATION_COMMENTS = YES;
				CLANG_WARN_EMPTY_BODY = YES;
				CLANG_WARN_ENUM_CONVERSION = YES;
				CLANG_WARN_INFINITE_RECURSION = YES;
				CLANG_WARN_INT_CONVERSION = YES;
				CLANG_WARN_NON_LITERAL_NULL_CONVERSION = YES;
				CLANG_WARN_OBJC_IMPLICIT_RETAIN_SELF = YES;
				CLANG_WARN_OBJC_LITERAL_CONVERSION = YES;
				CLANG_WARN_OBJC_ROOT_CLASS = YES_ERROR;
				CLANG_WARN_RANGE_LOOP_ANALYSIS = YES;
				CLANG_WARN_STRICT_PROTOTYPES = YES;
				CLANG_WARN_SUSPICIOUS_MOVE = YES;
				CLANG_WARN_UNGUARDED_AVAILABILITY = YES_AGGRESSIVE;
				CLANG_WARN_UNREACHABLE_CODE = YES;
				CLANG_WARN__DUPLICATE_METHOD_MATCH = YES;
				COPY_PHASE_STRIP = NO;
				DEBUG_INFORMATION_FORMAT = dwarf;
				ENABLE_STRICT_OBJC_MSGSEND = YES;
				ENABLE_TESTABILITY = YES;
				GCC_C_LANGUAGE_STANDARD = gnu11;
				GCC_DYNAMIC_NO_PIC = NO;
				GCC_NO_COMMON_BLOCKS = YES;
				GCC_OPTIMIZATION_LEVEL = 0;
				GCC_PREPROCESSOR_DEFINITIONS = (
					"DEBUG=1",
					"$(inherited)",
				);
				GCC_WARN_64_TO_32_BIT_CONVERSION = YES;
				GCC_WARN_ABOUT_RETURN_TYPE = YES_ERROR;
				GCC_WARN_UNDECLARED_SELECTOR = YES;
				GCC_WARN_UNINITIALIZED_AUTOS = YES_AGGRESSIVE;
				GCC_WARN_UNUSED_FUNCTION = YES;
				GCC_WARN_UNUSED_VARIABLE = YES;
				IPHONEOS_DEPLOYMENT_TARGET = 13.5;
				MTL_ENABLE_DEBUG_INFO = INCLUDE_SOURCE;
				MTL_FAST_MATH = YES;
				ONLY_ACTIVE_ARCH = YES;
				SDKROOT = iphoneos;
				SWIFT_ACTIVE_COMPILATION_CONDITIONS = DEBUG;
				SWIFT_OPTIMIZATION_LEVEL = "-Onone";
			};
			name = Debug;
		};
		4E32A547247D856D00E24F84 /* Release */ = {
			isa = XCBuildConfiguration;
			buildSettings = {
				ALWAYS_SEARCH_USER_PATHS = NO;
				CLANG_ANALYZER_NONNULL = YES;
				CLANG_ANALYZER_NUMBER_OBJECT_CONVERSION = YES_AGGRESSIVE;
				CLANG_CXX_LANGUAGE_STANDARD = "gnu++14";
				CLANG_CXX_LIBRARY = "libc++";
				CLANG_ENABLE_MODULES = YES;
				CLANG_ENABLE_OBJC_ARC = YES;
				CLANG_ENABLE_OBJC_WEAK = YES;
				CLANG_WARN_BLOCK_CAPTURE_AUTORELEASING = YES;
				CLANG_WARN_BOOL_CONVERSION = YES;
				CLANG_WARN_COMMA = YES;
				CLANG_WARN_CONSTANT_CONVERSION = YES;
				CLANG_WARN_DEPRECATED_OBJC_IMPLEMENTATIONS = YES;
				CLANG_WARN_DIRECT_OBJC_ISA_USAGE = YES_ERROR;
				CLANG_WARN_DOCUMENTATION_COMMENTS = YES;
				CLANG_WARN_EMPTY_BODY = YES;
				CLANG_WARN_ENUM_CONVERSION = YES;
				CLANG_WARN_INFINITE_RECURSION = YES;
				CLANG_WARN_INT_CONVERSION = YES;
				CLANG_WARN_NON_LITERAL_NULL_CONVERSION = YES;
				CLANG_WARN_OBJC_IMPLICIT_RETAIN_SELF = YES;
				CLANG_WARN_OBJC_LITERAL_CONVERSION = YES;
				CLANG_WARN_OBJC_ROOT_CLASS = YES_ERROR;
				CLANG_WARN_RANGE_LOOP_ANALYSIS = YES;
				CLANG_WARN_STRICT_PROTOTYPES = YES;
				CLANG_WARN_SUSPICIOUS_MOVE = YES;
				CLANG_WARN_UNGUARDED_AVAILABILITY = YES_AGGRESSIVE;
				CLANG_WARN_UNREACHABLE_CODE = YES;
				CLANG_WARN__DUPLICATE_METHOD_MATCH = YES;
				COPY_PHASE_STRIP = NO;
				DEBUG_INFORMATION_FORMAT = "dwarf-with-dsym";
				ENABLE_NS_ASSERTIONS = NO;
				ENABLE_STRICT_OBJC_MSGSEND = YES;
				GCC_C_LANGUAGE_STANDARD = gnu11;
				GCC_NO_COMMON_BLOCKS = YES;
				GCC_WARN_64_TO_32_BIT_CONVERSION = YES;
				GCC_WARN_ABOUT_RETURN_TYPE = YES_ERROR;
				GCC_WARN_UNDECLARED_SELECTOR = YES;
				GCC_WARN_UNINITIALIZED_AUTOS = YES_AGGRESSIVE;
				GCC_WARN_UNUSED_FUNCTION = YES;
				GCC_WARN_UNUSED_VARIABLE = YES;
				IPHONEOS_DEPLOYMENT_TARGET = 13.5;
				MTL_ENABLE_DEBUG_INFO = NO;
				MTL_FAST_MATH = YES;
				SDKROOT = iphoneos;
				SWIFT_COMPILATION_MODE = wholemodule;
				SWIFT_OPTIMIZATION_LEVEL = "-O";
				VALIDATE_PRODUCT = YES;
			};
			name = Release;
		};
		4E32A549247D856D00E24F84 /* Debug */ = {
			isa = XCBuildConfiguration;
			baseConfigurationReference = ED2368C1DFC2BB4A7EFD86FA /* Pods-Dependencies.debug.xcconfig */;
			buildSettings = {
				ASSETCATALOG_COMPILER_APPICON_NAME = AppIcon;
				CODE_SIGN_STYLE = Automatic;
				DEVELOPMENT_ASSET_PATHS = "\"Dependencies/Preview Content\"";
				DEVELOPMENT_TEAM = 3CN9FMBCF4;
				ENABLE_PREVIEWS = YES;
				INFOPLIST_FILE = Dependencies/Info.plist;
				LD_RUNPATH_SEARCH_PATHS = (
					"$(inherited)",
					"@executable_path/Frameworks",
				);
				PRODUCT_BUNDLE_IDENTIFIER = com.example.Dependencies;
				PRODUCT_NAME = "$(TARGET_NAME)";
				SWIFT_VERSION = 5.0;
				TARGETED_DEVICE_FAMILY = "1,2";
			};
			name = Debug;
		};
		4E32A54A247D856D00E24F84 /* Release */ = {
			isa = XCBuildConfiguration;
			baseConfigurationReference = 54CF5325A7221210FB6C8447 /* Pods-Dependencies.release.xcconfig */;
			buildSettings = {
				ASSETCATALOG_COMPILER_APPICON_NAME = AppIcon;
				CODE_SIGN_STYLE = Automatic;
				DEVELOPMENT_ASSET_PATHS = "\"Dependencies/Preview Content\"";
				DEVELOPMENT_TEAM = 3CN9FMBCF4;
				ENABLE_PREVIEWS = YES;
				INFOPLIST_FILE = Dependencies/Info.plist;
				LD_RUNPATH_SEARCH_PATHS = (
					"$(inherited)",
					"@executable_path/Frameworks",
				);
				PRODUCT_BUNDLE_IDENTIFIER = com.example.Dependencies;
				PRODUCT_NAME = "$(TARGET_NAME)";
				SWIFT_VERSION = 5.0;
				TARGETED_DEVICE_FAMILY = "1,2";
			};
			name = Release;
		};
/* End XCBuildConfiguration section */

/* Begin XCConfigurationList section */
		4E158FD1247F0F4600FC3070 /* Build configuration list for PBXNativeTarget "DependenciesUITests" */ = {
			isa = XCConfigurationList;
			buildConfigurations = (
				4E158FCF247F0F4600FC3070 /* Debug */,
				4E158FD0247F0F4600FC3070 /* Release */,
			);
			defaultConfigurationIsVisible = 0;
			defaultConfigurationName = Release;
		};
		4E32A52F247D856B00E24F84 /* Build configuration list for PBXProject "Dependencies" */ = {
			isa = XCConfigurationList;
			buildConfigurations = (
				4E32A546247D856D00E24F84 /* Debug */,
				4E32A547247D856D00E24F84 /* Release */,
			);
			defaultConfigurationIsVisible = 0;
			defaultConfigurationName = Release;
		};
		4E32A548247D856D00E24F84 /* Build configuration list for PBXNativeTarget "Dependencies" */ = {
			isa = XCConfigurationList;
			buildConfigurations = (
				4E32A549247D856D00E24F84 /* Debug */,
				4E32A54A247D856D00E24F84 /* Release */,
			);
			defaultConfigurationIsVisible = 0;
			defaultConfigurationName = Release;
		};
/* End XCConfigurationList section */
	};
	rootObject = 4E32A52C247D856B00E24F84 /* Project object */;
}
