// !$*UTF8*$!
{
	archiveVersion = 1;
	classes = {
	};
	objectVersion = 52;
	objects = {

/* Begin PBXBuildFile section */
		4E158F99247F0CAD00FC3070 /* Moya in Frameworks */ = {isa = PBXBuildFile; productRef = 4E158F98247F0CAD00FC3070 /* Moya */; };
		4E158F9C247F0CD200FC3070 /* Reachability in Frameworks */ = {isa = PBXBuildFile; productRef = 4E158F9B247F0CD200FC3070 /* Reachability */; };
		4E158F9F247F0CDE00FC3070 /* RxRelay in Frameworks */ = {isa = PBXBuildFile; productRef = 4E158F9E247F0CDE00FC3070 /* RxRelay */; };
		4E158FA1247F0CDE00FC3070 /* RxSwift in Frameworks */ = {isa = PBXBuildFile; productRef = 4E158FA0247F0CDE00FC3070 /* RxSwift */; };
		4E158FA3247F0CDE00FC3070 /* RxCocoa in Frameworks */ = {isa = PBXBuildFile; productRef = 4E158FA2247F0CDE00FC3070 /* RxCocoa */; };
		4E158FA6247F0D0700FC3070 /* Starscream in Frameworks */ = {isa = PBXBuildFile; productRef = 4E158FA5247F0D0700FC3070 /* Starscream */; };
		4E158FA9247F0D2B00FC3070 /* Eureka in Frameworks */ = {isa = PBXBuildFile; productRef = 4E158FA8247F0D2B00FC3070 /* Eureka */; };
		4E158FAC247F0D5600FC3070 /* Yams in Frameworks */ = {isa = PBXBuildFile; productRef = 4E158FAB247F0D5600FC3070 /* Yams */; };
		4E158FAF247F0DAB00FC3070 /* PromiseKit in Frameworks */ = {isa = PBXBuildFile; productRef = 4E158FAE247F0DAB00FC3070 /* PromiseKit */; };
		4E158FB2247F0DD000FC3070 /* ReSwift in Frameworks */ = {isa = PBXBuildFile; productRef = 4E158FB1247F0DD000FC3070 /* ReSwift */; };
		4E158FB5247F0DF200FC3070 /* RNCryptor in Frameworks */ = {isa = PBXBuildFile; productRef = 4E158FB4247F0DF200FC3070 /* RNCryptor */; };
		4E32A538247D856B00E24F84 /* AppDelegate.swift in Sources */ = {isa = PBXBuildFile; fileRef = 4E32A537247D856B00E24F84 /* AppDelegate.swift */; };
		4E32A53A247D856B00E24F84 /* SceneDelegate.swift in Sources */ = {isa = PBXBuildFile; fileRef = 4E32A539247D856B00E24F84 /* SceneDelegate.swift */; };
		4E32A53C247D856B00E24F84 /* ContentView.swift in Sources */ = {isa = PBXBuildFile; fileRef = 4E32A53B247D856B00E24F84 /* ContentView.swift */; };
		4E32A53E247D856D00E24F84 /* Assets.xcassets in Resources */ = {isa = PBXBuildFile; fileRef = 4E32A53D247D856D00E24F84 /* Assets.xcassets */; };
		4E32A541247D856D00E24F84 /* Preview Assets.xcassets in Resources */ = {isa = PBXBuildFile; fileRef = 4E32A540247D856D00E24F84 /* Preview Assets.xcassets */; };
		4E32A544247D856D00E24F84 /* LaunchScreen.storyboard in Resources */ = {isa = PBXBuildFile; fileRef = 4E32A542247D856D00E24F84 /* LaunchScreen.storyboard */; };
/* End PBXBuildFile section */

/* Begin PBXFileReference section */
		4E32A534247D856B00E24F84 /* Dependencies.app */ = {isa = PBXFileReference; explicitFileType = wrapper.application; includeInIndex = 0; path = Dependencies.app; sourceTree = BUILT_PRODUCTS_DIR; };
		4E32A537247D856B00E24F84 /* AppDelegate.swift */ = {isa = PBXFileReference; lastKnownFileType = sourcecode.swift; path = AppDelegate.swift; sourceTree = "<group>"; };
		4E32A539247D856B00E24F84 /* SceneDelegate.swift */ = {isa = PBXFileReference; lastKnownFileType = sourcecode.swift; path = SceneDelegate.swift; sourceTree = "<group>"; };
		4E32A53B247D856B00E24F84 /* ContentView.swift */ = {isa = PBXFileReference; lastKnownFileType = sourcecode.swift; path = ContentView.swift; sourceTree = "<group>"; };
		4E32A53D247D856D00E24F84 /* Assets.xcassets */ = {isa = PBXFileReference; lastKnownFileType = folder.assetcatalog; path = Assets.xcassets; sourceTree = "<group>"; };
		4E32A540247D856D00E24F84 /* Preview Assets.xcassets */ = {isa = PBXFileReference; lastKnownFileType = folder.assetcatalog; path = "Preview Assets.xcassets"; sourceTree = "<group>"; };
		4E32A543247D856D00E24F84 /* Base */ = {isa = PBXFileReference; lastKnownFileType = file.storyboard; name = Base; path = Base.lproj/LaunchScreen.storyboard; sourceTree = "<group>"; };
		4E32A545247D856D00E24F84 /* Info.plist */ = {isa = PBXFileReference; lastKnownFileType = text.plist.xml; path = Info.plist; sourceTree = "<group>"; };
/* End PBXFileReference section */

/* Begin PBXFrameworksBuildPhase section */
		4E32A531247D856B00E24F84 /* Frameworks */ = {
			isa = PBXFrameworksBuildPhase;
			buildActionMask = 2147483647;
			files = (
				4E158F9F247F0CDE00FC3070 /* RxRelay in Frameworks */,
				4E158FAF247F0DAB00FC3070 /* PromiseKit in Frameworks */,
				4E158F99247F0CAD00FC3070 /* Moya in Frameworks */,
				4E158FA3247F0CDE00FC3070 /* RxCocoa in Frameworks */,
				4E158FB5247F0DF200FC3070 /* RNCryptor in Frameworks */,
				4E158FA1247F0CDE00FC3070 /* RxSwift in Frameworks */,
				4E158FB2247F0DD000FC3070 /* ReSwift in Frameworks */,
				4E158F9C247F0CD200FC3070 /* Reachability in Frameworks */,
				4E158FA9247F0D2B00FC3070 /* Eureka in Frameworks */,
				4E158FAC247F0D5600FC3070 /* Yams in Frameworks */,
				4E158FA6247F0D0700FC3070 /* Starscream in Frameworks */,
			);
			runOnlyForDeploymentPostprocessing = 0;
		};
/* End PBXFrameworksBuildPhase section */

/* Begin PBXGroup section */
		4E32A52B247D856B00E24F84 = {
			isa = PBXGroup;
			children = (
				4E32A536247D856B00E24F84 /* Dependencies */,
				4E32A535247D856B00E24F84 /* Products */,
			);
			sourceTree = "<group>";
		};
		4E32A535247D856B00E24F84 /* Products */ = {
			isa = PBXGroup;
			children = (
				4E32A534247D856B00E24F84 /* Dependencies.app */,
			);
			name = Products;
			sourceTree = "<group>";
		};
		4E32A536247D856B00E24F84 /* Dependencies */ = {
			isa = PBXGroup;
			children = (
				4E32A537247D856B00E24F84 /* AppDelegate.swift */,
				4E32A539247D856B00E24F84 /* SceneDelegate.swift */,
				4E32A53B247D856B00E24F84 /* ContentView.swift */,
				4E32A53D247D856D00E24F84 /* Assets.xcassets */,
				4E32A542247D856D00E24F84 /* LaunchScreen.storyboard */,
				4E32A545247D856D00E24F84 /* Info.plist */,
				4E32A53F247D856D00E24F84 /* Preview Content */,
			);
			path = Dependencies;
			sourceTree = "<group>";
		};
		4E32A53F247D856D00E24F84 /* Preview Content */ = {
			isa = PBXGroup;
			children = (
				4E32A540247D856D00E24F84 /* Preview Assets.xcassets */,
			);
			path = "Preview Content";
			sourceTree = "<group>";
		};
/* End PBXGroup section */

/* Begin PBXNativeTarget section */
		4E32A533247D856B00E24F84 /* Dependencies */ = {
			isa = PBXNativeTarget;
			buildConfigurationList = 4E32A548247D856D00E24F84 /* Build configuration list for PBXNativeTarget "Dependencies" */;
			buildPhases = (
				4E32A530247D856B00E24F84 /* Sources */,
				4E32A531247D856B00E24F84 /* Frameworks */,
				4E32A532247D856B00E24F84 /* Resources */,
			);
			buildRules = (
			);
			dependencies = (
			);
			name = Dependencies;
			packageProductDependencies = (
				4E158F98247F0CAD00FC3070 /* Moya */,
				4E158F9B247F0CD200FC3070 /* Reachability */,
				4E158F9E247F0CDE00FC3070 /* RxRelay */,
				4E158FA0247F0CDE00FC3070 /* RxSwift */,
				4E158FA2247F0CDE00FC3070 /* RxCocoa */,
				4E158FA5247F0D0700FC3070 /* Starscream */,
				4E158FA8247F0D2B00FC3070 /* Eureka */,
				4E158FAB247F0D5600FC3070 /* Yams */,
				4E158FAE247F0DAB00FC3070 /* PromiseKit */,
				4E158FB1247F0DD000FC3070 /* ReSwift */,
				4E158FB4247F0DF200FC3070 /* RNCryptor */,
			);
			productName = Dependencies;
			productReference = 4E32A534247D856B00E24F84 /* Dependencies.app */;
			productType = "com.apple.product-type.application";
		};
/* End PBXNativeTarget section */

/* Begin PBXProject section */
		4E32A52C247D856B00E24F84 /* Project object */ = {
			isa = PBXProject;
			attributes = {
				LastSwiftUpdateCheck = 1150;
				LastUpgradeCheck = 1150;
				ORGANIZATIONNAME = "Xaver Lohmüller";
				TargetAttributes = {
					4E32A533247D856B00E24F84 = {
						CreatedOnToolsVersion = 11.5;
					};
				};
			};
			buildConfigurationList = 4E32A52F247D856B00E24F84 /* Build configuration list for PBXProject "Dependencies" */;
			compatibilityVersion = "Xcode 9.3";
			developmentRegion = en;
			hasScannedForEncodings = 0;
			knownRegions = (
				en,
				Base,
			);
			mainGroup = 4E32A52B247D856B00E24F84;
			packageReferences = (
				4E158F97247F0CAD00FC3070 /* XCRemoteSwiftPackageReference "Moya" */,
				4E158F9A247F0CD200FC3070 /* XCRemoteSwiftPackageReference "Reachability" */,
				4E158F9D247F0CDE00FC3070 /* XCRemoteSwiftPackageReference "RxSwift" */,
				4E158FA4247F0D0700FC3070 /* XCRemoteSwiftPackageReference "Starscream" */,
				4E158FA7247F0D2B00FC3070 /* XCRemoteSwiftPackageReference "Eureka" */,
				4E158FAA247F0D5600FC3070 /* XCRemoteSwiftPackageReference "Yams" */,
				4E158FAD247F0DAB00FC3070 /* XCRemoteSwiftPackageReference "PromiseKit" */,
				4E158FB0247F0DD000FC3070 /* XCRemoteSwiftPackageReference "ReSwift" */,
				4E158FB3247F0DF200FC3070 /* XCRemoteSwiftPackageReference "RNCryptor" */,
			);
			productRefGroup = 4E32A535247D856B00E24F84 /* Products */;
			projectDirPath = "";
			projectRoot = "";
			targets = (
				4E32A533247D856B00E24F84 /* Dependencies */,
			);
		};
/* End PBXProject section */

/* Begin PBXResourcesBuildPhase section */
		4E32A532247D856B00E24F84 /* Resources */ = {
			isa = PBXResourcesBuildPhase;
			buildActionMask = 2147483647;
			files = (
				4E32A544247D856D00E24F84 /* LaunchScreen.storyboard in Resources */,
				4E32A541247D856D00E24F84 /* Preview Assets.xcassets in Resources */,
				4E32A53E247D856D00E24F84 /* Assets.xcassets in Resources */,
			);
			runOnlyForDeploymentPostprocessing = 0;
		};
/* End PBXResourcesBuildPhase section */

/* Begin PBXSourcesBuildPhase section */
		4E32A530247D856B00E24F84 /* Sources */ = {
			isa = PBXSourcesBuildPhase;
			buildActionMask = 2147483647;
			files = (
				4E32A538247D856B00E24F84 /* AppDelegate.swift in Sources */,
				4E32A53A247D856B00E24F84 /* SceneDelegate.swift in Sources */,
				4E32A53C247D856B00E24F84 /* ContentView.swift in Sources */,
			);
			runOnlyForDeploymentPostprocessing = 0;
		};
/* End PBXSourcesBuildPhase section */

/* Begin PBXVariantGroup section */
		4E32A542247D856D00E24F84 /* LaunchScreen.storyboard */ = {
			isa = PBXVariantGroup;
			children = (
				4E32A543247D856D00E24F84 /* Base */,
			);
			name = LaunchScreen.storyboard;
			sourceTree = "<group>";
		};
/* End PBXVariantGroup section */

/* Begin XCBuildConfiguration section */
		4E32A546247D856D00E24F84 /* Debug */ = {
			isa = XCBuildConfiguration;
			buildSettings = {
				ALWAYS_SEARCH_USER_PATHS = NO;
				CLANG_ANALYZER_NONNULL = YES;
				CLANG_ANALYZER_NUMBER_OBJECT_CONVERSION = YES_AGGRESSIVE;
				CLANG_CXX_LANGUAGE_STANDARD = "gnu++14";
				CLANG_CXX_LIBRARY = "libc++";
				CLANG_ENABLE_MODULES = YES;
				CLANG_ENABLE_OBJC_ARC = YES;
				CLANG_ENABLE_OBJC_WEAK = YES;
				CLANG_WARN_BLOCK_CAPTURE_AUTORELEASING = YES;
				CLANG_WARN_BOOL_CONVERSION = YES;
				CLANG_WARN_COMMA = YES;
				CLANG_WARN_CONSTANT_CONVERSION = YES;
				CLANG_WARN_DEPRECATED_OBJC_IMPLEMENTATIONS = YES;
				CLANG_WARN_DIRECT_OBJC_ISA_USAGE = YES_ERROR;
				CLANG_WARN_DOCUMENTATION_COMMENTS = YES;
				CLANG_WARN_EMPTY_BODY = YES;
				CLANG_WARN_ENUM_CONVERSION = YES;
				CLANG_WARN_INFINITE_RECURSION = YES;
				CLANG_WARN_INT_CONVERSION = YES;
				CLANG_WARN_NON_LITERAL_NULL_CONVERSION = YES;
				CLANG_WARN_OBJC_IMPLICIT_RETAIN_SELF = YES;
				CLANG_WARN_OBJC_LITERAL_CONVERSION = YES;
				CLANG_WARN_OBJC_ROOT_CLASS = YES_ERROR;
				CLANG_WARN_RANGE_LOOP_ANALYSIS = YES;
				CLANG_WARN_STRICT_PROTOTYPES = YES;
				CLANG_WARN_SUSPICIOUS_MOVE = YES;
				CLANG_WARN_UNGUARDED_AVAILABILITY = YES_AGGRESSIVE;
				CLANG_WARN_UNREACHABLE_CODE = YES;
				CLANG_WARN__DUPLICATE_METHOD_MATCH = YES;
				COPY_PHASE_STRIP = NO;
				DEBUG_INFORMATION_FORMAT = dwarf;
				ENABLE_STRICT_OBJC_MSGSEND = YES;
				ENABLE_TESTABILITY = YES;
				GCC_C_LANGUAGE_STANDARD = gnu11;
				GCC_DYNAMIC_NO_PIC = NO;
				GCC_NO_COMMON_BLOCKS = YES;
				GCC_OPTIMIZATION_LEVEL = 0;
				GCC_PREPROCESSOR_DEFINITIONS = (
					"DEBUG=1",
					"$(inherited)",
				);
				GCC_WARN_64_TO_32_BIT_CONVERSION = YES;
				GCC_WARN_ABOUT_RETURN_TYPE = YES_ERROR;
				GCC_WARN_UNDECLARED_SELECTOR = YES;
				GCC_WARN_UNINITIALIZED_AUTOS = YES_AGGRESSIVE;
				GCC_WARN_UNUSED_FUNCTION = YES;
				GCC_WARN_UNUSED_VARIABLE = YES;
				IPHONEOS_DEPLOYMENT_TARGET = 13.5;
				MTL_ENABLE_DEBUG_INFO = INCLUDE_SOURCE;
				MTL_FAST_MATH = YES;
				ONLY_ACTIVE_ARCH = YES;
				SDKROOT = iphoneos;
				SWIFT_ACTIVE_COMPILATION_CONDITIONS = DEBUG;
				SWIFT_OPTIMIZATION_LEVEL = "-Onone";
			};
			name = Debug;
		};
		4E32A547247D856D00E24F84 /* Release */ = {
			isa = XCBuildConfiguration;
			buildSettings = {
				ALWAYS_SEARCH_USER_PATHS = NO;
				CLANG_ANALYZER_NONNULL = YES;
				CLANG_ANALYZER_NUMBER_OBJECT_CONVERSION = YES_AGGRESSIVE;
				CLANG_CXX_LANGUAGE_STANDARD = "gnu++14";
				CLANG_CXX_LIBRARY = "libc++";
				CLANG_ENABLE_MODULES = YES;
				CLANG_ENABLE_OBJC_ARC = YES;
				CLANG_ENABLE_OBJC_WEAK = YES;
				CLANG_WARN_BLOCK_CAPTURE_AUTORELEASING = YES;
				CLANG_WARN_BOOL_CONVERSION = YES;
				CLANG_WARN_COMMA = YES;
				CLANG_WARN_CONSTANT_CONVERSION = YES;
				CLANG_WARN_DEPRECATED_OBJC_IMPLEMENTATIONS = YES;
				CLANG_WARN_DIRECT_OBJC_ISA_USAGE = YES_ERROR;
				CLANG_WARN_DOCUMENTATION_COMMENTS = YES;
				CLANG_WARN_EMPTY_BODY = YES;
				CLANG_WARN_ENUM_CONVERSION = YES;
				CLANG_WARN_INFINITE_RECURSION = YES;
				CLANG_WARN_INT_CONVERSION = YES;
				CLANG_WARN_NON_LITERAL_NULL_CONVERSION = YES;
				CLANG_WARN_OBJC_IMPLICIT_RETAIN_SELF = YES;
				CLANG_WARN_OBJC_LITERAL_CONVERSION = YES;
				CLANG_WARN_OBJC_ROOT_CLASS = YES_ERROR;
				CLANG_WARN_RANGE_LOOP_ANALYSIS = YES;
				CLANG_WARN_STRICT_PROTOTYPES = YES;
				CLANG_WARN_SUSPICIOUS_MOVE = YES;
				CLANG_WARN_UNGUARDED_AVAILABILITY = YES_AGGRESSIVE;
				CLANG_WARN_UNREACHABLE_CODE = YES;
				CLANG_WARN__DUPLICATE_METHOD_MATCH = YES;
				COPY_PHASE_STRIP = NO;
				DEBUG_INFORMATION_FORMAT = "dwarf-with-dsym";
				ENABLE_NS_ASSERTIONS = NO;
				ENABLE_STRICT_OBJC_MSGSEND = YES;
				GCC_C_LANGUAGE_STANDARD = gnu11;
				GCC_NO_COMMON_BLOCKS = YES;
				GCC_WARN_64_TO_32_BIT_CONVERSION = YES;
				GCC_WARN_ABOUT_RETURN_TYPE = YES_ERROR;
				GCC_WARN_UNDECLARED_SELECTOR = YES;
				GCC_WARN_UNINITIALIZED_AUTOS = YES_AGGRESSIVE;
				GCC_WARN_UNUSED_FUNCTION = YES;
				GCC_WARN_UNUSED_VARIABLE = YES;
				IPHONEOS_DEPLOYMENT_TARGET = 13.5;
				MTL_ENABLE_DEBUG_INFO = NO;
				MTL_FAST_MATH = YES;
				SDKROOT = iphoneos;
				SWIFT_COMPILATION_MODE = wholemodule;
				SWIFT_OPTIMIZATION_LEVEL = "-O";
				VALIDATE_PRODUCT = YES;
			};
			name = Release;
		};
		4E32A549247D856D00E24F84 /* Debug */ = {
			isa = XCBuildConfiguration;
			buildSettings = {
				ASSETCATALOG_COMPILER_APPICON_NAME = AppIcon;
				CODE_SIGN_STYLE = Automatic;
				DEVELOPMENT_ASSET_PATHS = "\"Dependencies/Preview Content\"";
				DEVELOPMENT_TEAM = 3CN9FMBCF4;
				ENABLE_PREVIEWS = YES;
				INFOPLIST_FILE = Dependencies/Info.plist;
				LD_RUNPATH_SEARCH_PATHS = (
					"$(inherited)",
					"@executable_path/Frameworks",
				);
				PRODUCT_BUNDLE_IDENTIFIER = com.example.Dependencies;
				PRODUCT_NAME = "$(TARGET_NAME)";
				SWIFT_VERSION = 5.0;
				TARGETED_DEVICE_FAMILY = "1,2";
			};
			name = Debug;
		};
		4E32A54A247D856D00E24F84 /* Release */ = {
			isa = XCBuildConfiguration;
			buildSettings = {
				ASSETCATALOG_COMPILER_APPICON_NAME = AppIcon;
				CODE_SIGN_STYLE = Automatic;
				DEVELOPMENT_ASSET_PATHS = "\"Dependencies/Preview Content\"";
				DEVELOPMENT_TEAM = 3CN9FMBCF4;
				ENABLE_PREVIEWS = YES;
				INFOPLIST_FILE = Dependencies/Info.plist;
				LD_RUNPATH_SEARCH_PATHS = (
					"$(inherited)",
					"@executable_path/Frameworks",
				);
				PRODUCT_BUNDLE_IDENTIFIER = com.example.Dependencies;
				PRODUCT_NAME = "$(TARGET_NAME)";
				SWIFT_VERSION = 5.0;
				TARGETED_DEVICE_FAMILY = "1,2";
			};
			name = Release;
		};
/* End XCBuildConfiguration section */

/* Begin XCConfigurationList section */
		4E32A52F247D856B00E24F84 /* Build configuration list for PBXProject "Dependencies" */ = {
			isa = XCConfigurationList;
			buildConfigurations = (
				4E32A546247D856D00E24F84 /* Debug */,
				4E32A547247D856D00E24F84 /* Release */,
			);
			defaultConfigurationIsVisible = 0;
			defaultConfigurationName = Release;
		};
		4E32A548247D856D00E24F84 /* Build configuration list for PBXNativeTarget "Dependencies" */ = {
			isa = XCConfigurationList;
			buildConfigurations = (
				4E32A549247D856D00E24F84 /* Debug */,
				4E32A54A247D856D00E24F84 /* Release */,
			);
			defaultConfigurationIsVisible = 0;
			defaultConfigurationName = Release;
		};
/* End XCConfigurationList section */

/* Begin XCRemoteSwiftPackageReference section */
		4E158F97247F0CAD00FC3070 /* XCRemoteSwiftPackageReference "Moya" */ = {
			isa = XCRemoteSwiftPackageReference;
			repositoryURL = "https://github.com/Moya/Moya";
			requirement = {
				kind = upToNextMajorVersion;
				minimumVersion = 14.0.0;
			};
		};
		4E158F9A247F0CD200FC3070 /* XCRemoteSwiftPackageReference "Reachability" */ = {
			isa = XCRemoteSwiftPackageReference;
			repositoryURL = "https://github.com/ashleymills/Reachability.swift";
			requirement = {
				kind = upToNextMajorVersion;
				minimumVersion = 5.0.0;
			};
		};
		4E158F9D247F0CDE00FC3070 /* XCRemoteSwiftPackageReference "RxSwift" */ = {
			isa = XCRemoteSwiftPackageReference;
			repositoryURL = "https://github.com/ReactiveX/RxSwift";
			requirement = {
				kind = upToNextMajorVersion;
				minimumVersion = 5.1.1;
			};
		};
		4E158FA4247F0D0700FC3070 /* XCRemoteSwiftPackageReference "Starscream" */ = {
			isa = XCRemoteSwiftPackageReference;
			repositoryURL = "https://github.com/daltoniam/Starscream";
			requirement = {
				kind = upToNextMajorVersion;
				minimumVersion = 4.0.3;
			};
		};
		4E158FA7247F0D2B00FC3070 /* XCRemoteSwiftPackageReference "Eureka" */ = {
			isa = XCRemoteSwiftPackageReference;
			repositoryURL = "https://github.com/xmartlabs/Eureka";
			requirement = {
				kind = upToNextMajorVersion;
				minimumVersion = 5.2.1;
			};
		};
		4E158FAA247F0D5600FC3070 /* XCRemoteSwiftPackageReference "Yams" */ = {
			isa = XCRemoteSwiftPackageReference;
			repositoryURL = "https://github.com/jpsim/Yams";
			requirement = {
				kind = upToNextMajorVersion;
				minimumVersion = 3.0.1;
			};
		};
		4E158FAD247F0DAB00FC3070 /* XCRemoteSwiftPackageReference "PromiseKit" */ = {
			isa = XCRemoteSwiftPackageReference;
			repositoryURL = "https://github.com/mxcl/PromiseKit";
			requirement = {
				kind = upToNextMajorVersion;
				minimumVersion = 6.13.1;
			};
		};
		4E158FB0247F0DD000FC3070 /* XCRemoteSwiftPackageReference "ReSwift" */ = {
			isa = XCRemoteSwiftPackageReference;
			repositoryURL = "https://github.com/ReSwift/ReSwift";
			requirement = {
				kind = upToNextMajorVersion;
				minimumVersion = 5.0.0;
			};
		};
		4E158FB3247F0DF200FC3070 /* XCRemoteSwiftPackageReference "RNCryptor" */ = {
			isa = XCRemoteSwiftPackageReference;
			repositoryURL = "https://github.com/RNCryptor/RNCryptor";
			requirement = {
				kind = upToNextMajorVersion;
				minimumVersion = 5.1.0;
			};
		};
/* End XCRemoteSwiftPackageReference section */

/* Begin XCSwiftPackageProductDependency section */
		4E158F98247F0CAD00FC3070 /* Moya */ = {
			isa = XCSwiftPackageProductDependency;
			package = 4E158F97247F0CAD00FC3070 /* XCRemoteSwiftPackageReference "Moya" */;
			productName = Moya;
		};
		4E158F9B247F0CD200FC3070 /* Reachability */ = {
			isa = XCSwiftPackageProductDependency;
			package = 4E158F9A247F0CD200FC3070 /* XCRemoteSwiftPackageReference "Reachability" */;
			productName = Reachability;
		};
		4E158F9E247F0CDE00FC3070 /* RxRelay */ = {
			isa = XCSwiftPackageProductDependency;
			package = 4E158F9D247F0CDE00FC3070 /* XCRemoteSwiftPackageReference "RxSwift" */;
			productName = RxRelay;
		};
		4E158FA0247F0CDE00FC3070 /* RxSwift */ = {
			isa = XCSwiftPackageProductDependency;
			package = 4E158F9D247F0CDE00FC3070 /* XCRemoteSwiftPackageReference "RxSwift" */;
			productName = RxSwift;
		};
		4E158FA2247F0CDE00FC3070 /* RxCocoa */ = {
			isa = XCSwiftPackageProductDependency;
			package = 4E158F9D247F0CDE00FC3070 /* XCRemoteSwiftPackageReference "RxSwift" */;
			productName = RxCocoa;
		};
		4E158FA5247F0D0700FC3070 /* Starscream */ = {
			isa = XCSwiftPackageProductDependency;
			package = 4E158FA4247F0D0700FC3070 /* XCRemoteSwiftPackageReference "Starscream" */;
			productName = Starscream;
		};
		4E158FA8247F0D2B00FC3070 /* Eureka */ = {
			isa = XCSwiftPackageProductDependency;
			package = 4E158FA7247F0D2B00FC3070 /* XCRemoteSwiftPackageReference "Eureka" */;
			productName = Eureka;
		};
		4E158FAB247F0D5600FC3070 /* Yams */ = {
			isa = XCSwiftPackageProductDependency;
			package = 4E158FAA247F0D5600FC3070 /* XCRemoteSwiftPackageReference "Yams" */;
			productName = Yams;
		};
		4E158FAE247F0DAB00FC3070 /* PromiseKit */ = {
			isa = XCSwiftPackageProductDependency;
			package = 4E158FAD247F0DAB00FC3070 /* XCRemoteSwiftPackageReference "PromiseKit" */;
			productName = PromiseKit;
		};
		4E158FB1247F0DD000FC3070 /* ReSwift */ = {
			isa = XCSwiftPackageProductDependency;
			package = 4E158FB0247F0DD000FC3070 /* XCRemoteSwiftPackageReference "ReSwift" */;
			productName = ReSwift;
		};
		4E158FB4247F0DF200FC3070 /* RNCryptor */ = {
			isa = XCSwiftPackageProductDependency;
			package = 4E158FB3247F0DF200FC3070 /* XCRemoteSwiftPackageReference "RNCryptor" */;
			productName = RNCryptor;
		};
/* End XCSwiftPackageProductDependency section */
	};
	rootObject = 4E32A52C247D856B00E24F84 /* Project object */;
}
